
Microsoft Visual Studio Solution File, Format Version 11.00
# Visual Studio 2010
Project("{FAE04EC0-301F-11D3-BF4B-00C04F79EFBC}") = "Level_2 haah", "Assembly-CSharp-firstpass.csproj", "{C5DF1015-E110-656D-71F4-0CEC0798D0D4}"
EndProject
Project("{FAE04EC0-301F-11D3-BF4B-00C04F79EFBC}") = "Level_2 haah", "Assembly-CSharp-Editor-firstpass.csproj", "{2F2B71B0-0400-8653-9B37-7B26D0A4DB98}"
EndProject
Global
	GlobalSection(SolutionConfigurationPlatforms) = preSolution
		Debug|Any CPU = Debug|Any CPU
		Release|Any CPU = Release|Any CPU
	EndGlobalSection
	GlobalSection(ProjectConfigurationPlatforms) = postSolution
		{C5DF1015-E110-656D-71F4-0CEC0798D0D4}.Debug|Any CPU.ActiveCfg = Debug|Any CPU
		{C5DF1015-E110-656D-71F4-0CEC0798D0D4}.Debug|Any CPU.Build.0 = Debug|Any CPU
		{C5DF1015-E110-656D-71F4-0CEC0798D0D4}.Release|Any CPU.ActiveCfg = Release|Any CPU
		{C5DF1015-E110-656D-71F4-0CEC0798D0D4}.Release|Any CPU.Build.0 = Release|Any CPU
		{2F2B71B0-0400-8653-9B37-7B26D0A4DB98}.Debug|Any CPU.ActiveCfg = Debug|Any CPU
		{2F2B71B0-0400-8653-9B37-7B26D0A4DB98}.Debug|Any CPU.Build.0 = Debug|Any CPU
		{2F2B71B0-0400-8653-9B37-7B26D0A4DB98}.Release|Any CPU.ActiveCfg = Release|Any CPU
		{2F2B71B0-0400-8653-9B37-7B26D0A4DB98}.Release|Any CPU.Build.0 = Release|Any CPU
	EndGlobalSection
	GlobalSection(SolutionProperties) = preSolution
		HideSolutionNode = FALSE
	EndGlobalSection
	GlobalSection(MonoDevelopProperties) = preSolution
		StartupItem = Assembly-CSharp.csproj
	EndGlobalSection
EndGlobal
